
Microsoft Visual Studio Solution File, Format Version 12.00
# Visual Studio Version 17
VisualStudioVersion = 17.2.32616.157
MinimumVisualStudioVersion = 10.0.40219.1
Project("{FAE04EC0-301F-11D3-BF4B-00C04F79EFBC}") = "HackerNewsStoriesApi", "HackerNewsStoriesApi\HackerNewsStoriesApi.csproj", "{D0C72107-6AAB-4E8F-8009-D00F0BFE3971}"
EndProject
Global
	GlobalSection(SolutionConfigurationPlatforms) = preSolution
		Debug|Any CPU = Debug|Any CPU
		Release|Any CPU = Release|Any CPU
	EndGlobalSection
	GlobalSection(ProjectConfigurationPlatforms) = postSolution
		{D0C72107-6AAB-4E8F-8009-D00F0BFE3971}.Debug|Any CPU.ActiveCfg = Debug|Any CPU
		{D0C72107-6AAB-4E8F-8009-D00F0BFE3971}.Debug|Any CPU.Build.0 = Debug|Any CPU
		{D0C72107-6AAB-4E8F-8009-D00F0BFE3971}.Release|Any CPU.ActiveCfg = Release|Any CPU
		{D0C72107-6AAB-4E8F-8009-D00F0BFE3971}.Release|Any CPU.Build.0 = Release|Any CPU
	EndGlobalSection
	GlobalSection(SolutionProperties) = preSolution
		HideSolutionNode = FALSE
	EndGlobalSection
	GlobalSection(ExtensibilityGlobals) = postSolution
		SolutionGuid = {EF75C1CB-8B77-4AD8-8CA1-94123FAFD751}
	EndGlobalSection
EndGlobal
